
Microsoft Visual Studio Solution File, Format Version 12.00
# Visual Studio Version 17
VisualStudioVersion = 17.5.002.0
MinimumVisualStudioVersion = 10.0.40219.1
Project("{9A19103F-16F7-4668-BE54-9A1E7A4F7556}") = "Projeto_Web-Lh_Pets_Alunos", "Projeto_Web-Lh_Pets_Alunos.csproj", "{2B572167-8520-4E1B-AFA1-A73A1468BB91}"
EndProject
Global
	GlobalSection(SolutionConfigurationPlatforms) = preSolution
		Debug|Any CPU = Debug|Any CPU
		Release|Any CPU = Release|Any CPU
	EndGlobalSection
	GlobalSection(ProjectConfigurationPlatforms) = postSolution
		{2B572167-8520-4E1B-AFA1-A73A1468BB91}.Debug|Any CPU.ActiveCfg = Debug|Any CPU
		{2B572167-8520-4E1B-AFA1-A73A1468BB91}.Debug|Any CPU.Build.0 = Debug|Any CPU
		{2B572167-8520-4E1B-AFA1-A73A1468BB91}.Release|Any CPU.ActiveCfg = Release|Any CPU
		{2B572167-8520-4E1B-AFA1-A73A1468BB91}.Release|Any CPU.Build.0 = Release|Any CPU
	EndGlobalSection
	GlobalSection(SolutionProperties) = preSolution
		HideSolutionNode = FALSE
	EndGlobalSection
	GlobalSection(ExtensibilityGlobals) = postSolution
		SolutionGuid = {D14DFCE9-D897-4141-9C9E-4B60A5427E6F}
	EndGlobalSection
EndGlobal
